
Microsoft Visual Studio Solution File, Format Version 12.00
# Visual Studio Version 16
VisualStudioVersion = 16.0.30907.101
MinimumVisualStudioVersion = 10.0.40219.1
Project("{FAE04EC0-301F-11D3-BF4B-00C04F79EFBC}") = "fried-fame-client-windows", "fried-fame-client-windows\fried-fame-client-windows.csproj", "{AEC64454-CAD4-4E12-B1E4-71842CD23936}"
EndProject
Global
	GlobalSection(SolutionConfigurationPlatforms) = preSolution
		Debug|Any CPU = Debug|Any CPU
		Release|Any CPU = Release|Any CPU
	EndGlobalSection
	GlobalSection(ProjectConfigurationPlatforms) = postSolution
		{AEC64454-CAD4-4E12-B1E4-71842CD23936}.Debug|Any CPU.ActiveCfg = Debug|Any CPU
		{AEC64454-CAD4-4E12-B1E4-71842CD23936}.Debug|Any CPU.Build.0 = Debug|Any CPU
		{AEC64454-CAD4-4E12-B1E4-71842CD23936}.Release|Any CPU.ActiveCfg = Release|Any CPU
		{AEC64454-CAD4-4E12-B1E4-71842CD23936}.Release|Any CPU.Build.0 = Release|Any CPU
	EndGlobalSection
	GlobalSection(SolutionProperties) = preSolution
		HideSolutionNode = FALSE
	EndGlobalSection
	GlobalSection(ExtensibilityGlobals) = postSolution
		SolutionGuid = {0A92481F-EA5E-4D82-86FE-76EAB1B602DE}
	EndGlobalSection
EndGlobal
